
Microsoft Visual Studio Solution File, Format Version 12.00
# Visual Studio Version 16
VisualStudioVersion = 16.0.31702.278
MinimumVisualStudioVersion = 10.0.40219.1
Project("{FAE04EC0-301F-11D3-BF4B-00C04F79EFBC}") = "BankApp.cli", "BankApp\BankApp.cli.csproj", "{07479AA2-26F0-4E6C-BEC2-8C53B15831DC}"
EndProject
Project("{FAE04EC0-301F-11D3-BF4B-00C04F79EFBC}") = "BankApp.Models", "BankApp.Models\BankApp.Models.csproj", "{1BB00864-FDF1-42F6-ADC3-90A630066064}"
EndProject
Project("{FAE04EC0-301F-11D3-BF4B-00C04F79EFBC}") = "BankApp.Services", "BankApp.Services\BankApp.Services.csproj", "{77274B22-5111-437A-8F28-0B9EAD091164}"
EndProject
Global
	GlobalSection(SolutionConfigurationPlatforms) = preSolution
		Debug|Any CPU = Debug|Any CPU
		Release|Any CPU = Release|Any CPU
	EndGlobalSection
	GlobalSection(ProjectConfigurationPlatforms) = postSolution
		{07479AA2-26F0-4E6C-BEC2-8C53B15831DC}.Debug|Any CPU.ActiveCfg = Debug|Any CPU
		{07479AA2-26F0-4E6C-BEC2-8C53B15831DC}.Debug|Any CPU.Build.0 = Debug|Any CPU
		{07479AA2-26F0-4E6C-BEC2-8C53B15831DC}.Release|Any CPU.ActiveCfg = Release|Any CPU
		{07479AA2-26F0-4E6C-BEC2-8C53B15831DC}.Release|Any CPU.Build.0 = Release|Any CPU
		{1BB00864-FDF1-42F6-ADC3-90A630066064}.Debug|Any CPU.ActiveCfg = Debug|Any CPU
		{1BB00864-FDF1-42F6-ADC3-90A630066064}.Debug|Any CPU.Build.0 = Debug|Any CPU
		{1BB00864-FDF1-42F6-ADC3-90A630066064}.Release|Any CPU.ActiveCfg = Release|Any CPU
		{1BB00864-FDF1-42F6-ADC3-90A630066064}.Release|Any CPU.Build.0 = Release|Any CPU
		{77274B22-5111-437A-8F28-0B9EAD091164}.Debug|Any CPU.ActiveCfg = Debug|Any CPU
		{77274B22-5111-437A-8F28-0B9EAD091164}.Debug|Any CPU.Build.0 = Debug|Any CPU
		{77274B22-5111-437A-8F28-0B9EAD091164}.Release|Any CPU.ActiveCfg = Release|Any CPU
		{77274B22-5111-437A-8F28-0B9EAD091164}.Release|Any CPU.Build.0 = Release|Any CPU
	EndGlobalSection
	GlobalSection(SolutionProperties) = preSolution
		HideSolutionNode = FALSE
	EndGlobalSection
	GlobalSection(ExtensibilityGlobals) = postSolution
		SolutionGuid = {986FDE12-30A9-4043-8745-6CC1DB0CC837}
	EndGlobalSection
EndGlobal
